
Microsoft Visual Studio Solution File, Format Version 12.00
# Visual Studio 15
VisualStudioVersion = 15.0.28307.572
MinimumVisualStudioVersion = 10.0.40219.1
Project("{FAE04EC0-301F-11D3-BF4B-00C04F79EFBC}") = "DotNetCore", "DotNetCore\DotNetCore.csproj", "{DA086D8F-6F87-4E4E-AB1F-25F6A9EC20E0}"
EndProject
Global
	GlobalSection(SolutionConfigurationPlatforms) = preSolution
		Debug|Any CPU = Debug|Any CPU
		Release|Any CPU = Release|Any CPU
	EndGlobalSection
	GlobalSection(ProjectConfigurationPlatforms) = postSolution
		{DA086D8F-6F87-4E4E-AB1F-25F6A9EC20E0}.Debug|Any CPU.ActiveCfg = Debug|Any CPU
		{DA086D8F-6F87-4E4E-AB1F-25F6A9EC20E0}.Debug|Any CPU.Build.0 = Debug|Any CPU
		{DA086D8F-6F87-4E4E-AB1F-25F6A9EC20E0}.Release|Any CPU.ActiveCfg = Release|Any CPU
		{DA086D8F-6F87-4E4E-AB1F-25F6A9EC20E0}.Release|Any CPU.Build.0 = Release|Any CPU
	EndGlobalSection
	GlobalSection(SolutionProperties) = preSolution
		HideSolutionNode = FALSE
	EndGlobalSection
	GlobalSection(ExtensibilityGlobals) = postSolution
		SolutionGuid = {055DB9EF-018E-4C2E-9896-F7527FDABD33}
	EndGlobalSection
EndGlobal
